
Microsoft Visual Studio Solution File, Format Version 12.00
# Visual Studio 14
VisualStudioVersion = 14.0.25420.1
MinimumVisualStudioVersion = 10.0.40219.1
Project("{2150E333-8FDC-42A3-9474-1A3956D46DE8}") = "src", "src", "{8D315740-7A5A-4014-9624-F697E855ACD5}"
EndProject
Project("{2150E333-8FDC-42A3-9474-1A3956D46DE8}") = "Solution Items", "Solution Items", "{12E898AD-136B-43B7-B793-1743C9E6409E}"
	ProjectSection(SolutionItems) = preProject
		global.json = global.json
	EndProjectSection
EndProject
Project("{8BB2217D-0F2D-49D1-97BC-3654ED321F3B}") = "Cloud-API", "src\Cloud-API\Cloud-API.xproj", "{815A9E6F-6BF8-497E-AA03-F5A1DB48AB6D}"
EndProject
Project("{2150E333-8FDC-42A3-9474-1A3956D46DE8}") = "Tests", "Tests", "{44D7D77C-AFE7-4FA7-9E6A-9EAF615D5B4F}"
EndProject
Global
	GlobalSection(SolutionConfigurationPlatforms) = preSolution
		Debug|Any CPU = Debug|Any CPU
		Release|Any CPU = Release|Any CPU
	EndGlobalSection
	GlobalSection(ProjectConfigurationPlatforms) = postSolution
		{815A9E6F-6BF8-497E-AA03-F5A1DB48AB6D}.Debug|Any CPU.ActiveCfg = Debug|Any CPU
		{815A9E6F-6BF8-497E-AA03-F5A1DB48AB6D}.Debug|Any CPU.Build.0 = Debug|Any CPU
		{815A9E6F-6BF8-497E-AA03-F5A1DB48AB6D}.Release|Any CPU.ActiveCfg = Release|Any CPU
		{815A9E6F-6BF8-497E-AA03-F5A1DB48AB6D}.Release|Any CPU.Build.0 = Release|Any CPU
	EndGlobalSection
	GlobalSection(SolutionProperties) = preSolution
		HideSolutionNode = FALSE
	EndGlobalSection
	GlobalSection(NestedProjects) = preSolution
		{815A9E6F-6BF8-497E-AA03-F5A1DB48AB6D} = {8D315740-7A5A-4014-9624-F697E855ACD5}
		{44D7D77C-AFE7-4FA7-9E6A-9EAF615D5B4F} = {8D315740-7A5A-4014-9624-F697E855ACD5}
	EndGlobalSection
EndGlobal
